
Microsoft Visual Studio Solution File, Format Version 12.00
# Visual Studio 14
VisualStudioVersion = 14.0.25420.1
MinimumVisualStudioVersion = 10.0.40219.1
Project("{FAE04EC0-301F-11D3-BF4B-00C04F79EFBC}") = "pr01BlankReceipt", "pr01BlankReceipt\pr01BlankReceipt.csproj", "{4D3F63B7-0A11-4C2C-8B7B-137A9853CAA9}"
EndProject
Project("{FAE04EC0-301F-11D3-BF4B-00C04F79EFBC}") = "pr02SignOfIntegerNumber", "pr02SignOfIntegerNumber\pr02SignOfIntegerNumber.csproj", "{E524923E-8038-424C-B6F4-78148D7D0963}"
EndProject
Project("{FAE04EC0-301F-11D3-BF4B-00C04F79EFBC}") = "pr03PrintingTriangle", "pr03PrintingTriangle\pr03PrintingTriangle.csproj", "{2CB9FAFE-EAF2-4AA7-A4DF-0B0D4C095440}"
EndProject
Project("{FAE04EC0-301F-11D3-BF4B-00C04F79EFBC}") = "pr04DrawFilledSquare", "pr04DrawFilledSquare\pr04DrawFilledSquare.csproj", "{B93EBA21-0C76-4694-A311-E531B08A3A8D}"
EndProject
Project("{FAE04EC0-301F-11D3-BF4B-00C04F79EFBC}") = "pr05CalculateTriangleArea", "pr05CalculateTriangleArea\pr05CalculateTriangleArea.csproj", "{C20C7C68-7463-4954-9A47-12EDD87AD3AA}"
EndProject
Project("{FAE04EC0-301F-11D3-BF4B-00C04F79EFBC}") = "pr06MathPower", "pr06MathPower\pr06MathPower.csproj", "{B7807C53-8EEC-4123-B763-9CD95DF32AE3}"
EndProject
Project("{FAE04EC0-301F-11D3-BF4B-00C04F79EFBC}") = "pr07GreaterOfTwoValues", "pr07GreaterOfTwoValues\pr07GreaterOfTwoValues.csproj", "{1242947C-14C4-4196-8BAA-4094C6AF3805}"
EndProject
Project("{FAE04EC0-301F-11D3-BF4B-00C04F79EFBC}") = "pr08MultiplyEvensByOdds", "pr08MultiplyEvensByOdds\pr08MultiplyEvensByOdds.csproj", "{F404AAA3-8B64-49C0-BBA7-0D9EADBF4FB3}"
EndProject
Project("{FAE04EC0-301F-11D3-BF4B-00C04F79EFBC}") = "pr09HolidaysBetweenTwoDates", "pr09HolidaysBetweenTwoDates\pr09HolidaysBetweenTwoDates.csproj", "{C62FDD71-23CD-481B-903D-646B7F60101B}"
EndProject
Project("{FAE04EC0-301F-11D3-BF4B-00C04F79EFBC}") = "pr10PriceChangeAlert", "pr10PriceChangeAlert\pr10PriceChangeAlert.csproj", "{5D67426C-3D42-47E0-83D3-5E6367936EE1}"
EndProject
Global
	GlobalSection(SolutionConfigurationPlatforms) = preSolution
		Debug|Any CPU = Debug|Any CPU
		Release|Any CPU = Release|Any CPU
	EndGlobalSection
	GlobalSection(ProjectConfigurationPlatforms) = postSolution
		{4D3F63B7-0A11-4C2C-8B7B-137A9853CAA9}.Debug|Any CPU.ActiveCfg = Debug|Any CPU
		{4D3F63B7-0A11-4C2C-8B7B-137A9853CAA9}.Debug|Any CPU.Build.0 = Debug|Any CPU
		{4D3F63B7-0A11-4C2C-8B7B-137A9853CAA9}.Release|Any CPU.ActiveCfg = Release|Any CPU
		{4D3F63B7-0A11-4C2C-8B7B-137A9853CAA9}.Release|Any CPU.Build.0 = Release|Any CPU
		{E524923E-8038-424C-B6F4-78148D7D0963}.Debug|Any CPU.ActiveCfg = Debug|Any CPU
		{E524923E-8038-424C-B6F4-78148D7D0963}.Debug|Any CPU.Build.0 = Debug|Any CPU
		{E524923E-8038-424C-B6F4-78148D7D0963}.Release|Any CPU.ActiveCfg = Release|Any CPU
		{E524923E-8038-424C-B6F4-78148D7D0963}.Release|Any CPU.Build.0 = Release|Any CPU
		{2CB9FAFE-EAF2-4AA7-A4DF-0B0D4C095440}.Debug|Any CPU.ActiveCfg = Debug|Any CPU
		{2CB9FAFE-EAF2-4AA7-A4DF-0B0D4C095440}.Debug|Any CPU.Build.0 = Debug|Any CPU
		{2CB9FAFE-EAF2-4AA7-A4DF-0B0D4C095440}.Release|Any CPU.ActiveCfg = Release|Any CPU
		{2CB9FAFE-EAF2-4AA7-A4DF-0B0D4C095440}.Release|Any CPU.Build.0 = Release|Any CPU
		{B93EBA21-0C76-4694-A311-E531B08A3A8D}.Debug|Any CPU.ActiveCfg = Debug|Any CPU
		{B93EBA21-0C76-4694-A311-E531B08A3A8D}.Debug|Any CPU.Build.0 = Debug|Any CPU
		{B93EBA21-0C76-4694-A311-E531B08A3A8D}.Release|Any CPU.ActiveCfg = Release|Any CPU
		{B93EBA21-0C76-4694-A311-E531B08A3A8D}.Release|Any CPU.Build.0 = Release|Any CPU
		{C20C7C68-7463-4954-9A47-12EDD87AD3AA}.Debug|Any CPU.ActiveCfg = Debug|Any CPU
		{C20C7C68-7463-4954-9A47-12EDD87AD3AA}.Debug|Any CPU.Build.0 = Debug|Any CPU
		{C20C7C68-7463-4954-9A47-12EDD87AD3AA}.Release|Any CPU.ActiveCfg = Release|Any CPU
		{C20C7C68-7463-4954-9A47-12EDD87AD3AA}.Release|Any CPU.Build.0 = Release|Any CPU
		{B7807C53-8EEC-4123-B763-9CD95DF32AE3}.Debug|Any CPU.ActiveCfg = Debug|Any CPU
		{B7807C53-8EEC-4123-B763-9CD95DF32AE3}.Debug|Any CPU.Build.0 = Debug|Any CPU
		{B7807C53-8EEC-4123-B763-9CD95DF32AE3}.Release|Any CPU.ActiveCfg = Release|Any CPU
		{B7807C53-8EEC-4123-B763-9CD95DF32AE3}.Release|Any CPU.Build.0 = Release|Any CPU
		{1242947C-14C4-4196-8BAA-4094C6AF3805}.Debug|Any CPU.ActiveCfg = Debug|Any CPU
		{1242947C-14C4-4196-8BAA-4094C6AF3805}.Debug|Any CPU.Build.0 = Debug|Any CPU
		{1242947C-14C4-4196-8BAA-4094C6AF3805}.Release|Any CPU.ActiveCfg = Release|Any CPU
		{1242947C-14C4-4196-8BAA-4094C6AF3805}.Release|Any CPU.Build.0 = Release|Any CPU
		{F404AAA3-8B64-49C0-BBA7-0D9EADBF4FB3}.Debug|Any CPU.ActiveCfg = Debug|Any CPU
		{F404AAA3-8B64-49C0-BBA7-0D9EADBF4FB3}.Debug|Any CPU.Build.0 = Debug|Any CPU
		{F404AAA3-8B64-49C0-BBA7-0D9EADBF4FB3}.Release|Any CPU.ActiveCfg = Release|Any CPU
		{F404AAA3-8B64-49C0-BBA7-0D9EADBF4FB3}.Release|Any CPU.Build.0 = Release|Any CPU
		{C62FDD71-23CD-481B-903D-646B7F60101B}.Debug|Any CPU.ActiveCfg = Debug|Any CPU
		{C62FDD71-23CD-481B-903D-646B7F60101B}.Debug|Any CPU.Build.0 = Debug|Any CPU
		{C62FDD71-23CD-481B-903D-646B7F60101B}.Release|Any CPU.ActiveCfg = Release|Any CPU
		{C62FDD71-23CD-481B-903D-646B7F60101B}.Release|Any CPU.Build.0 = Release|Any CPU
		{5D67426C-3D42-47E0-83D3-5E6367936EE1}.Debug|Any CPU.ActiveCfg = Debug|Any CPU
		{5D67426C-3D42-47E0-83D3-5E6367936EE1}.Debug|Any CPU.Build.0 = Debug|Any CPU
		{5D67426C-3D42-47E0-83D3-5E6367936EE1}.Release|Any CPU.ActiveCfg = Release|Any CPU
		{5D67426C-3D42-47E0-83D3-5E6367936EE1}.Release|Any CPU.Build.0 = Release|Any CPU
	EndGlobalSection
	GlobalSection(SolutionProperties) = preSolution
		HideSolutionNode = FALSE
	EndGlobalSection
EndGlobal
